// !$*UTF8*$!
{
	archiveVersion = 1;
	classes = {
	};
	objectVersion = 48;
	objects = {

/* Begin PBXBuildFile section */
		ED1510CC1FA9F6F100BFF533 /* MyCollectionViewCell.swift in Sources */ = {isa = PBXBuildFile; fileRef = ED1510CB1FA9F6F100BFF533 /* MyCollectionViewCell.swift */; };
		EDF64ACC1FA9F4920011041D /* AppDelegate.swift in Sources */ = {isa = PBXBuildFile; fileRef = EDF64ACB1FA9F4920011041D /* AppDelegate.swift */; };
		EDF64ACE1FA9F4920011041D /* ViewController.swift in Sources */ = {isa = PBXBuildFile; fileRef = EDF64ACD1FA9F4920011041D /* ViewController.swift */; };
		EDF64AD11FA9F4920011041D /* Main.storyboard in Resources */ = {isa = PBXBuildFile; fileRef = EDF64ACF1FA9F4920011041D /* Main.storyboard */; };
		EDF64AD31FA9F4920011041D /* Assets.xcassets in Resources */ = {isa = PBXBuildFile; fileRef = EDF64AD21FA9F4920011041D /* Assets.xcassets */; };
		EDF64AD61FA9F4920011041D /* LaunchScreen.storyboard in Resources */ = {isa = PBXBuildFile; fileRef = EDF64AD41FA9F4920011041D /* LaunchScreen.storyboard */; };
		EDF64AE11FA9F4930011041D /* CollectionViewExampleTests.swift in Sources */ = {isa = PBXBuildFile; fileRef = EDF64AE01FA9F4930011041D /* CollectionViewExampleTests.swift */; };
/* End PBXBuildFile section */

/* Begin PBXContainerItemProxy section */
		EDF64ADD1FA9F4930011041D /* PBXContainerItemProxy */ = {
			isa = PBXContainerItemProxy;
			containerPortal = EDF64AC01FA9F4920011041D /* Project object */;
			proxyType = 1;
			remoteGlobalIDString = EDF64AC71FA9F4920011041D;
			remoteInfo = CollectionViewExample;
		};
/* End PBXContainerItemProxy section */

/* Begin PBXFileReference section */
		ED1510CB1FA9F6F100BFF533 /* MyCollectionViewCell.swift */ = {isa = PBXFileReference; lastKnownFileType = sourcecode.swift; path = MyCollectionViewCell.swift; sourceTree = "<group>"; };
		EDF64AC81FA9F4920011041D /* CollectionViewExample.app */ = {isa = PBXFileReference; explicitFileType = wrapper.application; includeInIndex = 0; path = CollectionViewExample.app; sourceTree = BUILT_PRODUCTS_DIR; };
		EDF64ACB1FA9F4920011041D /* AppDelegate.swift */ = {isa = PBXFileReference; lastKnownFileType = sourcecode.swift; path = AppDelegate.swift; sourceTree = "<group>"; };
		EDF64ACD1FA9F4920011041D /* ViewController.swift */ = {isa = PBXFileReference; lastKnownFileType = sourcecode.swift; path = ViewController.swift; sourceTree = "<group>"; };
		EDF64AD01FA9F4920011041D /* Base */ = {isa = PBXFileReference; lastKnownFileType = file.storyboard; name = Base; path = Base.lproj/Main.storyboard; sourceTree = "<group>"; };
		EDF64AD21FA9F4920011041D /* Assets.xcassets */ = {isa = PBXFileReference; lastKnownFileType = folder.assetcatalog; path = Assets.xcassets; sourceTree = "<group>"; };
		EDF64AD51FA9F4920011041D /* Base */ = {isa = PBXFileReference; lastKnownFileType = file.storyboard; name = Base; path = Base.lproj/LaunchScreen.storyboard; sourceTree = "<group>"; };
		EDF64AD71FA9F4920011041D /* Info.plist */ = {isa = PBXFileReference; lastKnownFileType = text.plist.xml; path = Info.plist; sourceTree = "<group>"; };
		EDF64ADC1FA9F4930011041D /* CollectionViewExampleTests.xctest */ = {isa = PBXFileReference; explicitFileType = wrapper.cfbundle; includeInIndex = 0; path = CollectionViewExampleTests.xctest; sourceTree = BUILT_PRODUCTS_DIR; };
		EDF64AE01FA9F4930011041D /* CollectionViewExampleTests.swift */ = {isa = PBXFileReference; lastKnownFileType = sourcecode.swift; path = CollectionViewExampleTests.swift; sourceTree = "<group>"; };
		EDF64AE21FA9F4930011041D /* Info.plist */ = {isa = PBXFileReference; lastKnownFileType = text.plist.xml; path = Info.plist; sourceTree = "<group>"; };
/* End PBXFileReference section */

/* Begin PBXFrameworksBuildPhase section */
		EDF64AC51FA9F4920011041D /* Frameworks */ = {
			isa = PBXFrameworksBuildPhase;
			buildActionMask = 2147483647;
			files = (
			);
			runOnlyForDeploymentPostprocessing = 0;
		};
		EDF64AD91FA9F4930011041D /* Frameworks */ = {
			isa = PBXFrameworksBuildPhase;
			buildActionMask = 2147483647;
			files = (
			);
			runOnlyForDeploymentPostprocessing = 0;
		};
/* End PBXFrameworksBuildPhase section */

/* Begin PBXGroup section */
		EDF64ABF1FA9F4920011041D = {
			isa = PBXGroup;
			children = (
				EDF64ACA1FA9F4920011041D /* CollectionViewExample */,
				EDF64ADF1FA9F4930011041D /* CollectionViewExampleTests */,
				EDF64AC91FA9F4920011041D /* Products */,
			);
			sourceTree = "<group>";
		};
		EDF64AC91FA9F4920011041D /* Products */ = {
			isa = PBXGroup;
			children = (
				EDF64AC81FA9F4920011041D /* CollectionViewExample.app */,
				EDF64ADC1FA9F4930011041D /* CollectionViewExampleTests.xctest */,
			);
			name = Products;
			sourceTree = "<group>";
		};
		EDF64ACA1FA9F4920011041D /* CollectionViewExample */ = {
			isa = PBXGroup;
			children = (
				EDF64ACB1FA9F4920011041D /* AppDelegate.swift */,
				EDF64ACD1FA9F4920011041D /* ViewController.swift */,
				EDF64ACF1FA9F4920011041D /* Main.storyboard */,
				EDF64AD21FA9F4920011041D /* Assets.xcassets */,
				EDF64AD41FA9F4920011041D /* LaunchScreen.storyboard */,
				EDF64AD71FA9F4920011041D /* Info.plist */,
				ED1510CB1FA9F6F100BFF533 /* MyCollectionViewCell.swift */,
			);
			path = CollectionViewExample;
			sourceTree = "<group>";
		};
		EDF64ADF1FA9F4930011041D /* CollectionViewExampleTests */ = {
			isa = PBXGroup;
			children = (
				EDF64AE01FA9F4930011041D /* CollectionViewExampleTests.swift */,
				EDF64AE21FA9F4930011041D /* Info.plist */,
			);
			path = CollectionViewExampleTests;
			sourceTree = "<group>";
		};
/* End PBXGroup section */

/* Begin PBXNativeTarget section */
		EDF64AC71FA9F4920011041D /* CollectionViewExample */ = {
			isa = PBXNativeTarget;
			buildConfigurationList = EDF64AE51FA9F4930011041D /* Build configuration list for PBXNativeTarget "CollectionViewExample" */;
			buildPhases = (
				EDF64AC41FA9F4920011041D /* Sources */,
				EDF64AC51FA9F4920011041D /* Frameworks */,
				EDF64AC61FA9F4920011041D /* Resources */,
			);
			buildRules = (
			);
			dependencies = (
			);
			name = CollectionViewExample;
			productName = CollectionViewExample;
			productReference = EDF64AC81FA9F4920011041D /* CollectionViewExample.app */;
			productType = "com.apple.product-type.application";
		};
		EDF64ADB1FA9F4930011041D /* CollectionViewExampleTests */ = {
			isa = PBXNativeTarget;
			buildConfigurationList = EDF64AE81FA9F4930011041D /* Build configuration list for PBXNativeTarget "CollectionViewExampleTests" */;
			buildPhases = (
				EDF64AD81FA9F4930011041D /* Sources */,
				EDF64AD91FA9F4930011041D /* Frameworks */,
				EDF64ADA1FA9F4930011041D /* Resources */,
			);
			buildRules = (
			);
			dependencies = (
				EDF64ADE1FA9F4930011041D /* PBXTargetDependency */,
			);
			name = CollectionViewExampleTests;
			productName = CollectionViewExampleTests;
			productReference = EDF64ADC1FA9F4930011041D /* CollectionViewExampleTests.xctest */;
			productType = "com.apple.product-type.bundle.unit-test";
		};
/* End PBXNativeTarget section */

/* Begin PBXProject section */
		EDF64AC01FA9F4920011041D /* Project object */ = {
			isa = PBXProject;
			attributes = {
				LastSwiftUpdateCheck = 0900;
				LastUpgradeCheck = 0900;
				ORGANIZATIONNAME = dvt;
				TargetAttributes = {
					EDF64AC71FA9F4920011041D = {
						CreatedOnToolsVersion = 9.0.1;
						ProvisioningStyle = Automatic;
					};
					EDF64ADB1FA9F4930011041D = {
						CreatedOnToolsVersion = 9.0.1;
						ProvisioningStyle = Automatic;
						TestTargetID = EDF64AC71FA9F4920011041D;
					};
				};
			};
			buildConfigurationList = EDF64AC31FA9F4920011041D /* Build configuration list for PBXProject "CollectionViewExample" */;
			compatibilityVersion = "Xcode 8.0";
			developmentRegion = en;
			hasScannedForEncodings = 0;
			knownRegions = (
				en,
				Base,
			);
			mainGroup = EDF64ABF1FA9F4920011041D;
			productRefGroup = EDF64AC91FA9F4920011041D /* Products */;
			projectDirPath = "";
			projectRoot = "";
			targets = (
				EDF64AC71FA9F4920011041D /* CollectionViewExample */,
				EDF64ADB1FA9F4930011041D /* CollectionViewExampleTests */,
			);
		};
/* End PBXProject section */

/* Begin PBXResourcesBuildPhase section */
		EDF64AC61FA9F4920011041D /* Resources */ = {
			isa = PBXResourcesBuildPhase;
			buildActionMask = 2147483647;
			files = (
				EDF64AD61FA9F4920011041D /* LaunchScreen.storyboard in Resources */,
				EDF64AD31FA9F4920011041D /* Assets.xcassets in Resources */,
				EDF64AD11FA9F4920011041D /* Main.storyboard in Resources */,
			);
			runOnlyForDeploymentPostprocessing = 0;
		};
		EDF64ADA1FA9F4930011041D /* Resources */ = {
			isa = PBXResourcesBuildPhase;
			buildActionMask = 2147483647;
			files = (
			);
			runOnlyForDeploymentPostprocessing = 0;
		};
/* End PBXResourcesBuildPhase section */

/* Begin PBXSourcesBuildPhase section */
		EDF64AC41FA9F4920011041D /* Sources */ = {
			isa = PBXSourcesBuildPhase;
			buildActionMask = 2147483647;
			files = (
				EDF64ACE1FA9F4920011041D /* ViewController.swift in Sources */,
				EDF64ACC1FA9F4920011041D /* AppDelegate.swift in Sources */,
				ED1510CC1FA9F6F100BFF533 /* MyCollectionViewCell.swift in Sources */,
			);
			runOnlyForDeploymentPostprocessing = 0;
		};
		EDF64AD81FA9F4930011041D /* Sources */ = {
			isa = PBXSourcesBuildPhase;
			buildActionMask = 2147483647;
			files = (
				EDF64AE11FA9F4930011041D /* CollectionViewExampleTests.swift in Sources */,
			);
			runOnlyForDeploymentPostprocessing = 0;
		};
/* End PBXSourcesBuildPhase section */

/* Begin PBXTargetDependency section */
		EDF64ADE1FA9F4930011041D /* PBXTargetDependency */ = {
			isa = PBXTargetDependency;
			target = EDF64AC71FA9F4920011041D /* CollectionViewExample */;
			targetProxy = EDF64ADD1FA9F4930011041D /* PBXContainerItemProxy */;
		};
/* End PBXTargetDependency section */

/* Begin PBXVariantGroup section */
		EDF64ACF1FA9F4920011041D /* Main.storyboard */ = {
			isa = PBXVariantGroup;
			children = (
				EDF64AD01FA9F4920011041D /* Base */,
			);
			name = Main.storyboard;
			sourceTree = "<group>";
		};
		EDF64AD41FA9F4920011041D /* LaunchScreen.storyboard */ = {
			isa = PBXVariantGroup;
			children = (
				EDF64AD51FA9F4920011041D /* Base */,
			);
			name = LaunchScreen.storyboard;
			sourceTree = "<group>";
		};
/* End PBXVariantGroup section */

/* Begin XCBuildConfiguration section */
		EDF64AE31FA9F4930011041D /* Debug */ = {
			isa = XCBuildConfiguration;
			buildSettings = {
				ALWAYS_SEARCH_USER_PATHS = NO;
				CLANG_ANALYZER_NONNULL = YES;
				CLANG_ANALYZER_NUMBER_OBJECT_CONVERSION = YES_AGGRESSIVE;
				CLANG_CXX_LANGUAGE_STANDARD = "gnu++14";
				CLANG_CXX_LIBRARY = "libc++";
				CLANG_ENABLE_MODULES = YES;
				CLANG_ENABLE_OBJC_ARC = YES;
				CLANG_WARN_BLOCK_CAPTURE_AUTORELEASING = YES;
				CLANG_WARN_BOOL_CONVERSION = YES;
				CLANG_WARN_COMMA = YES;
				CLANG_WARN_CONSTANT_CONVERSION = YES;
				CLANG_WARN_DIRECT_OBJC_ISA_USAGE = YES_ERROR;
				CLANG_WARN_DOCUMENTATION_COMMENTS = YES;
				CLANG_WARN_EMPTY_BODY = YES;
				CLANG_WARN_ENUM_CONVERSION = YES;
				CLANG_WARN_INFINITE_RECURSION = YES;
				CLANG_WARN_INT_CONVERSION = YES;
				CLANG_WARN_NON_LITERAL_NULL_CONVERSION = YES;
				CLANG_WARN_OBJC_LITERAL_CONVERSION = YES;
				CLANG_WARN_OBJC_ROOT_CLASS = YES_ERROR;
				CLANG_WARN_RANGE_LOOP_ANALYSIS = YES;
				CLANG_WARN_STRICT_PROTOTYPES = YES;
				CLANG_WARN_SUSPICIOUS_MOVE = YES;
				CLANG_WARN_UNGUARDED_AVAILABILITY = YES_AGGRESSIVE;
				CLANG_WARN_UNREACHABLE_CODE = YES;
				CLANG_WARN__DUPLICATE_METHOD_MATCH = YES;
				CODE_SIGN_IDENTITY = "iPhone Developer";
				COPY_PHASE_STRIP = NO;
				DEBUG_INFORMATION_FORMAT = dwarf;
				ENABLE_STRICT_OBJC_MSGSEND = YES;
				ENABLE_TESTABILITY = YES;
				GCC_C_LANGUAGE_STANDARD = gnu11;
				GCC_DYNAMIC_NO_PIC = NO;
				GCC_NO_COMMON_BLOCKS = YES;
				GCC_OPTIMIZATION_LEVEL = 0;
				GCC_PREPROCESSOR_DEFINITIONS = (
					"DEBUG=1",
					"$(inherited)",
				);
				GCC_WARN_64_TO_32_BIT_CONVERSION = YES;
				GCC_WARN_ABOUT_RETURN_TYPE = YES_ERROR;
				GCC_WARN_UNDECLARED_SELECTOR = YES;
				GCC_WARN_UNINITIALIZED_AUTOS = YES_AGGRESSIVE;
				GCC_WARN_UNUSED_FUNCTION = YES;
				GCC_WARN_UNUSED_VARIABLE = YES;
				IPHONEOS_DEPLOYMENT_TARGET = 11.0;
				MTL_ENABLE_DEBUG_INFO = YES;
				ONLY_ACTIVE_ARCH = YES;
				SDKROOT = iphoneos;
				SWIFT_ACTIVE_COMPILATION_CONDITIONS = DEBUG;
				SWIFT_OPTIMIZATION_LEVEL = "-Onone";
			};
			name = Debug;
		};
		EDF64AE41FA9F4930011041D /* Release */ = {
			isa = XCBuildConfiguration;
			buildSettings = {
				ALWAYS_SEARCH_USER_PATHS = NO;
				CLANG_ANALYZER_NONNULL = YES;
				CLANG_ANALYZER_NUMBER_OBJECT_CONVERSION = YES_AGGRESSIVE;
				CLANG_CXX_LANGUAGE_STANDARD = "gnu++14";
				CLANG_CXX_LIBRARY = "libc++";
				CLANG_ENABLE_MODULES = YES;
				CLANG_ENABLE_OBJC_ARC = YES;
				CLANG_WARN_BLOCK_CAPTURE_AUTORELEASING = YES;
				CLANG_WARN_BOOL_CONVERSION = YES;
				CLANG_WARN_COMMA = YES;
				CLANG_WARN_CONSTANT_CONVERSION = YES;
				CLANG_WARN_DIRECT_OBJC_ISA_USAGE = YES_ERROR;
				CLANG_WARN_DOCUMENTATION_COMMENTS = YES;
				CLANG_WARN_EMPTY_BODY = YES;
				CLANG_WARN_ENUM_CONVERSION = YES;
				CLANG_WARN_INFINITE_RECURSION = YES;
				CLANG_WARN_INT_CONVERSION = YES;
				CLANG_WARN_NON_LITERAL_NULL_CONVERSION = YES;
				CLANG_WARN_OBJC_LITERAL_CONVERSION = YES;
				CLANG_WARN_OBJC_ROOT_CLASS = YES_ERROR;
				CLANG_WARN_RANGE_LOOP_ANALYSIS = YES;
				CLANG_WARN_STRICT_PROTOTYPES = YES;
				CLANG_WARN_SUSPICIOUS_MOVE = YES;
				CLANG_WARN_UNGUARDED_AVAILABILITY = YES_AGGRESSIVE;
				CLANG_WARN_UNREACHABLE_CODE = YES;
				CLANG_WARN__DUPLICATE_METHOD_MATCH = YES;
				CODE_SIGN_IDENTITY = "iPhone Developer";
				COPY_PHASE_STRIP = NO;
				DEBUG_INFORMATION_FORMAT = "dwarf-with-dsym";
				ENABLE_NS_ASSERTIONS = NO;
				ENABLE_STRICT_OBJC_MSGSEND = YES;
				GCC_C_LANGUAGE_STANDARD = gnu11;
				GCC_NO_COMMON_BLOCKS = YES;
				GCC_WARN_64_TO_32_BIT_CONVERSION = YES;
				GCC_WARN_ABOUT_RETURN_TYPE = YES_ERROR;
				GCC_WARN_UNDECLARED_SELECTOR = YES;
				GCC_WARN_UNINITIALIZED_AUTOS = YES_AGGRESSIVE;
				GCC_WARN_UNUSED_FUNCTION = YES;
				GCC_WARN_UNUSED_VARIABLE = YES;
				IPHONEOS_DEPLOYMENT_TARGET = 11.0;
				MTL_ENABLE_DEBUG_INFO = NO;
				SDKROOT = iphoneos;
				SWIFT_OPTIMIZATION_LEVEL = "-Owholemodule";
				VALIDATE_PRODUCT = YES;
			};
			name = Release;
		};
		EDF64AE61FA9F4930011041D /* Debug */ = {
			isa = XCBuildConfiguration;
			buildSettings = {
				ASSETCATALOG_COMPILER_APPICON_NAME = AppIcon;
				CODE_SIGN_STYLE = Automatic;
				INFOPLIST_FILE = CollectionViewExample/Info.plist;
				LD_RUNPATH_SEARCH_PATHS = "$(inherited) @executable_path/Frameworks";
				PRODUCT_BUNDLE_IDENTIFIER = com.dvt.CollectionViewExample;
				PRODUCT_NAME = "$(TARGET_NAME)";
				SWIFT_VERSION = 4.0;
				TARGETED_DEVICE_FAMILY = "1,2";
			};
			name = Debug;
		};
		EDF64AE71FA9F4930011041D /* Release */ = {
			isa = XCBuildConfiguration;
			buildSettings = {
				ASSETCATALOG_COMPILER_APPICON_NAME = AppIcon;
				CODE_SIGN_STYLE = Automatic;
				INFOPLIST_FILE = CollectionViewExample/Info.plist;
				LD_RUNPATH_SEARCH_PATHS = "$(inherited) @executable_path/Frameworks";
				PRODUCT_BUNDLE_IDENTIFIER = com.dvt.CollectionViewExample;
				PRODUCT_NAME = "$(TARGET_NAME)";
				SWIFT_VERSION = 4.0;
				TARGETED_DEVICE_FAMILY = "1,2";
			};
			name = Release;
		};
		EDF64AE91FA9F4930011041D /* Debug */ = {
			isa = XCBuildConfiguration;
			buildSettings = {
				ALWAYS_EMBED_SWIFT_STANDARD_LIBRARIES = YES;
				BUNDLE_LOADER = "$(TEST_HOST)";
				CODE_SIGN_STYLE = Automatic;
				INFOPLIST_FILE = CollectionViewExampleTests/Info.plist;
				LD_RUNPATH_SEARCH_PATHS = "$(inherited) @executable_path/Frameworks @loader_path/Frameworks";
				PRODUCT_BUNDLE_IDENTIFIER = com.dvt.CollectionViewExampleTests;
				PRODUCT_NAME = "$(TARGET_NAME)";
				SWIFT_VERSION = 4.0;
				TARGETED_DEVICE_FAMILY = "1,2";
				TEST_HOST = "$(BUILT_PRODUCTS_DIR)/CollectionViewExample.app/CollectionViewExample";
			};
			name = Debug;
		};
		EDF64AEA1FA9F4930011041D /* Release */ = {
			isa = XCBuildConfiguration;
			buildSettings = {
				ALWAYS_EMBED_SWIFT_STANDARD_LIBRARIES = YES;
				BUNDLE_LOADER = "$(TEST_HOST)";
				CODE_SIGN_STYLE = Automatic;
				INFOPLIST_FILE = CollectionViewExampleTests/Info.plist;
				LD_RUNPATH_SEARCH_PATHS = "$(inherited) @executable_path/Frameworks @loader_path/Frameworks";
				PRODUCT_BUNDLE_IDENTIFIER = com.dvt.CollectionViewExampleTests;
				PRODUCT_NAME = "$(TARGET_NAME)";
				SWIFT_VERSION = 4.0;
				TARGETED_DEVICE_FAMILY = "1,2";
				TEST_HOST = "$(BUILT_PRODUCTS_DIR)/CollectionViewExample.app/CollectionViewExample";
			};
			name = Release;
		};
/* End XCBuildConfiguration section */

/* Begin XCConfigurationList section */
		EDF64AC31FA9F4920011041D /* Build configuration list for PBXProject "CollectionViewExample" */ = {
			isa = XCConfigurationList;
			buildConfigurations = (
				EDF64AE31FA9F4930011041D /* Debug */,
				EDF64AE41FA9F4930011041D /* Release */,
			);
			defaultConfigurationIsVisible = 0;
			defaultConfigurationName = Release;
		};
		EDF64AE51FA9F4930011041D /* Build configuration list for PBXNativeTarget "CollectionViewExample" */ = {
			isa = XCConfigurationList;
			buildConfigurations = (
				EDF64AE61FA9F4930011041D /* Debug */,
				EDF64AE71FA9F4930011041D /* Release */,
			);
			defaultConfigurationIsVisible = 0;
			defaultConfigurationName = Release;
		};
		EDF64AE81FA9F4930011041D /* Build configuration list for PBXNativeTarget "CollectionViewExampleTests" */ = {
			isa = XCConfigurationList;
			buildConfigurations = (
				EDF64AE91FA9F4930011041D /* Debug */,
				EDF64AEA1FA9F4930011041D /* Release */,
			);
			defaultConfigurationIsVisible = 0;
			defaultConfigurationName = Release;
		};
/* End XCConfigurationList section */
	};
	rootObject = EDF64AC01FA9F4920011041D /* Project object */;
}
